
Microsoft Visual Studio Solution File, Format Version 12.00
# Visual Studio 14
VisualStudioVersion = 14.0.25420.1
MinimumVisualStudioVersion = 10.0.40219.1
Project("{FAE04EC0-301F-11D3-BF4B-00C04F79EFBC}") = "01. Calculator", "01. Calculator\01. Calculator.csproj", "{422690FC-7DC8-46EA-9D9D-894D5F8B9508}"
EndProject
Project("{FAE04EC0-301F-11D3-BF4B-00C04F79EFBC}") = "02. Movie", "02. Movie\02. Movie.csproj", "{3BDFF418-B9BB-47D4-9FEE-A9C3A7B13ACA}"
EndProject
Global
	GlobalSection(SolutionConfigurationPlatforms) = preSolution
		Debug|Any CPU = Debug|Any CPU
		Release|Any CPU = Release|Any CPU
	EndGlobalSection
	GlobalSection(ProjectConfigurationPlatforms) = postSolution
		{422690FC-7DC8-46EA-9D9D-894D5F8B9508}.Debug|Any CPU.ActiveCfg = Debug|Any CPU
		{422690FC-7DC8-46EA-9D9D-894D5F8B9508}.Debug|Any CPU.Build.0 = Debug|Any CPU
		{422690FC-7DC8-46EA-9D9D-894D5F8B9508}.Release|Any CPU.ActiveCfg = Release|Any CPU
		{422690FC-7DC8-46EA-9D9D-894D5F8B9508}.Release|Any CPU.Build.0 = Release|Any CPU
		{3BDFF418-B9BB-47D4-9FEE-A9C3A7B13ACA}.Debug|Any CPU.ActiveCfg = Debug|Any CPU
		{3BDFF418-B9BB-47D4-9FEE-A9C3A7B13ACA}.Debug|Any CPU.Build.0 = Debug|Any CPU
		{3BDFF418-B9BB-47D4-9FEE-A9C3A7B13ACA}.Release|Any CPU.ActiveCfg = Release|Any CPU
		{3BDFF418-B9BB-47D4-9FEE-A9C3A7B13ACA}.Release|Any CPU.Build.0 = Release|Any CPU
	EndGlobalSection
	GlobalSection(SolutionProperties) = preSolution
		HideSolutionNode = FALSE
	EndGlobalSection
EndGlobal
